
Microsoft Visual Studio Solution File, Format Version 12.00
# Visual Studio 15
VisualStudioVersion = 15.0.27130.2036
MinimumVisualStudioVersion = 10.0.40219.1
Project("{FAE04EC0-301F-11D3-BF4B-00C04F79EFBC}") = "Exercise5c", "Exercise5c\Exercise5c.csproj", "{7DD6D5B5-5F1C-4ACE-8B9D-70F19A4A16CE}"
EndProject
Global
	GlobalSection(SolutionConfigurationPlatforms) = preSolution
		Debug|Any CPU = Debug|Any CPU
		Release|Any CPU = Release|Any CPU
	EndGlobalSection
	GlobalSection(ProjectConfigurationPlatforms) = postSolution
		{7DD6D5B5-5F1C-4ACE-8B9D-70F19A4A16CE}.Debug|Any CPU.ActiveCfg = Debug|Any CPU
		{7DD6D5B5-5F1C-4ACE-8B9D-70F19A4A16CE}.Debug|Any CPU.Build.0 = Debug|Any CPU
		{7DD6D5B5-5F1C-4ACE-8B9D-70F19A4A16CE}.Release|Any CPU.ActiveCfg = Release|Any CPU
		{7DD6D5B5-5F1C-4ACE-8B9D-70F19A4A16CE}.Release|Any CPU.Build.0 = Release|Any CPU
	EndGlobalSection
	GlobalSection(SolutionProperties) = preSolution
		HideSolutionNode = FALSE
	EndGlobalSection
	GlobalSection(ExtensibilityGlobals) = postSolution
		SolutionGuid = {E67808FC-3960-4865-8EFC-57A096049DCA}
	EndGlobalSection
EndGlobal
